
Microsoft Visual Studio Solution File, Format Version 12.00
# Visual Studio Version 16
VisualStudioVersion = 16.0.29926.136
MinimumVisualStudioVersion = 10.0.40219.1
Project("{FAE04EC0-301F-11D3-BF4B-00C04F79EFBC}") = "lab2.1.2", "lab2.1.2\lab2.1.2.csproj", "{B7199B22-1804-47C8-B934-635537D42118}"
EndProject
Global
	GlobalSection(SolutionConfigurationPlatforms) = preSolution
		Debug|Any CPU = Debug|Any CPU
		Release|Any CPU = Release|Any CPU
	EndGlobalSection
	GlobalSection(ProjectConfigurationPlatforms) = postSolution
		{B7199B22-1804-47C8-B934-635537D42118}.Debug|Any CPU.ActiveCfg = Debug|Any CPU
		{B7199B22-1804-47C8-B934-635537D42118}.Debug|Any CPU.Build.0 = Debug|Any CPU
		{B7199B22-1804-47C8-B934-635537D42118}.Release|Any CPU.ActiveCfg = Release|Any CPU
		{B7199B22-1804-47C8-B934-635537D42118}.Release|Any CPU.Build.0 = Release|Any CPU
	EndGlobalSection
	GlobalSection(SolutionProperties) = preSolution
		HideSolutionNode = FALSE
	EndGlobalSection
	GlobalSection(ExtensibilityGlobals) = postSolution
		SolutionGuid = {77AFB3C8-EE62-4096-9EFE-B96260CC2799}
	EndGlobalSection
EndGlobal
