
Microsoft Visual Studio Solution File, Format Version 12.00
# Visual Studio Version 16
VisualStudioVersion = 16.0.29920.165
MinimumVisualStudioVersion = 10.0.40219.1
Project("{FAE04EC0-301F-11D3-BF4B-00C04F79EFBC}") = "bt", "bt\bt.csproj", "{7DE8891F-6D1D-4788-A20D-FEE2A4752920}"
EndProject
Global
	GlobalSection(SolutionConfigurationPlatforms) = preSolution
		Debug|Any CPU = Debug|Any CPU
		Release|Any CPU = Release|Any CPU
	EndGlobalSection
	GlobalSection(ProjectConfigurationPlatforms) = postSolution
		{7DE8891F-6D1D-4788-A20D-FEE2A4752920}.Debug|Any CPU.ActiveCfg = Debug|Any CPU
		{7DE8891F-6D1D-4788-A20D-FEE2A4752920}.Debug|Any CPU.Build.0 = Debug|Any CPU
		{7DE8891F-6D1D-4788-A20D-FEE2A4752920}.Release|Any CPU.ActiveCfg = Release|Any CPU
		{7DE8891F-6D1D-4788-A20D-FEE2A4752920}.Release|Any CPU.Build.0 = Release|Any CPU
	EndGlobalSection
	GlobalSection(SolutionProperties) = preSolution
		HideSolutionNode = FALSE
	EndGlobalSection
	GlobalSection(ExtensibilityGlobals) = postSolution
		SolutionGuid = {EB8D1FD4-301B-4138-9C00-B16638EBAC87}
	EndGlobalSection
EndGlobal
