
Microsoft Visual Studio Solution File, Format Version 12.00
# Visual Studio Version 16
VisualStudioVersion = 16.0.29926.136
MinimumVisualStudioVersion = 10.0.40219.1
Project("{FAE04EC0-301F-11D3-BF4B-00C04F79EFBC}") = "SudunglabelTextbox", "SudunglabelTextbox\SudunglabelTextbox.csproj", "{C6DE982C-F89D-4412-A740-4BAA70C78C30}"
EndProject
Global
	GlobalSection(SolutionConfigurationPlatforms) = preSolution
		Debug|Any CPU = Debug|Any CPU
		Release|Any CPU = Release|Any CPU
	EndGlobalSection
	GlobalSection(ProjectConfigurationPlatforms) = postSolution
		{C6DE982C-F89D-4412-A740-4BAA70C78C30}.Debug|Any CPU.ActiveCfg = Debug|Any CPU
		{C6DE982C-F89D-4412-A740-4BAA70C78C30}.Debug|Any CPU.Build.0 = Debug|Any CPU
		{C6DE982C-F89D-4412-A740-4BAA70C78C30}.Release|Any CPU.ActiveCfg = Release|Any CPU
		{C6DE982C-F89D-4412-A740-4BAA70C78C30}.Release|Any CPU.Build.0 = Release|Any CPU
	EndGlobalSection
	GlobalSection(SolutionProperties) = preSolution
		HideSolutionNode = FALSE
	EndGlobalSection
	GlobalSection(ExtensibilityGlobals) = postSolution
		SolutionGuid = {DFEFB21D-9450-42EF-ABFF-E8BB776F5403}
	EndGlobalSection
EndGlobal
