
Microsoft Visual Studio Solution File, Format Version 12.00
# Visual Studio Version 16
VisualStudioVersion = 16.0.29926.136
MinimumVisualStudioVersion = 10.0.40219.1
Project("{FAE04EC0-301F-11D3-BF4B-00C04F79EFBC}") = "TinhDienTich", "TinhDienTich\TinhDienTich.csproj", "{76339AD0-2903-418C-8883-4A43E080D32D}"
EndProject
Global
	GlobalSection(SolutionConfigurationPlatforms) = preSolution
		Debug|Any CPU = Debug|Any CPU
		Release|Any CPU = Release|Any CPU
	EndGlobalSection
	GlobalSection(ProjectConfigurationPlatforms) = postSolution
		{76339AD0-2903-418C-8883-4A43E080D32D}.Debug|Any CPU.ActiveCfg = Debug|Any CPU
		{76339AD0-2903-418C-8883-4A43E080D32D}.Debug|Any CPU.Build.0 = Debug|Any CPU
		{76339AD0-2903-418C-8883-4A43E080D32D}.Release|Any CPU.ActiveCfg = Release|Any CPU
		{76339AD0-2903-418C-8883-4A43E080D32D}.Release|Any CPU.Build.0 = Release|Any CPU
	EndGlobalSection
	GlobalSection(SolutionProperties) = preSolution
		HideSolutionNode = FALSE
	EndGlobalSection
	GlobalSection(ExtensibilityGlobals) = postSolution
		SolutionGuid = {E0AFA5E5-2E7F-4A2F-8536-562808EB96F7}
	EndGlobalSection
EndGlobal
