
Microsoft Visual Studio Solution File, Format Version 12.00
# Visual Studio Version 16
VisualStudioVersion = 16.0.29926.136
MinimumVisualStudioVersion = 10.0.40219.1
Project("{FAE04EC0-301F-11D3-BF4B-00C04F79EFBC}") = "BaiTapLoiChao", "BaiTapLoiChao\BaiTapLoiChao.csproj", "{A84F33F8-8352-483D-A4C9-40DF126FCFFF}"
EndProject
Global
	GlobalSection(SolutionConfigurationPlatforms) = preSolution
		Debug|Any CPU = Debug|Any CPU
		Release|Any CPU = Release|Any CPU
	EndGlobalSection
	GlobalSection(ProjectConfigurationPlatforms) = postSolution
		{A84F33F8-8352-483D-A4C9-40DF126FCFFF}.Debug|Any CPU.ActiveCfg = Debug|Any CPU
		{A84F33F8-8352-483D-A4C9-40DF126FCFFF}.Debug|Any CPU.Build.0 = Debug|Any CPU
		{A84F33F8-8352-483D-A4C9-40DF126FCFFF}.Release|Any CPU.ActiveCfg = Release|Any CPU
		{A84F33F8-8352-483D-A4C9-40DF126FCFFF}.Release|Any CPU.Build.0 = Release|Any CPU
	EndGlobalSection
	GlobalSection(SolutionProperties) = preSolution
		HideSolutionNode = FALSE
	EndGlobalSection
	GlobalSection(ExtensibilityGlobals) = postSolution
		SolutionGuid = {22562E68-C0E2-4C84-B798-71B5CC8C9C9F}
	EndGlobalSection
EndGlobal
